// !$*UTF8*$!
{
	archiveVersion = 1;
	classes = {
	};
	objectVersion = 56;
	objects = {

/* Begin PBXBuildFile section */
		56159C542B7F1E7F002B310E /* ServerStatus.cpp in Sources */ = {isa = PBXBuildFile; fileRef = 56159C522B7F1E7F002B310E /* ServerStatus.cpp */; };
		5633CBC92B6A93B0008EE082 /* main.cpp in Sources */ = {isa = PBXBuildFile; fileRef = 5633CBC82B6A93B0008EE082 /* main.cpp */; };
		5633CBDA2B6A9416008EE082 /* timeutil.cpp in Sources */ = {isa = PBXBuildFile; fileRef = 5633CBD32B6A9416008EE082 /* timeutil.cpp */; };
		5633CBDB2B6A9416008EE082 /* buffer.cpp in Sources */ = {isa = PBXBuildFile; fileRef = 5633CBD42B6A9416008EE082 /* buffer.cpp */; };
		5633CBDC2B6A9416008EE082 /* mapfile.cpp in Sources */ = {isa = PBXBuildFile; fileRef = 5633CBD52B6A9416008EE082 /* mapfile.cpp */; };
		5633CBE32B6A9426008EE082 /* LogEntry.cpp in Sources */ = {isa = PBXBuildFile; fileRef = 5633CBDD2B6A9426008EE082 /* LogEntry.cpp */; };
		5633CBE42B6A9426008EE082 /* ConnectionStatus.cpp in Sources */ = {isa = PBXBuildFile; fileRef = 5633CBE02B6A9426008EE082 /* ConnectionStatus.cpp */; };
		5633CBE52B6A9426008EE082 /* LogContainer.cpp in Sources */ = {isa = PBXBuildFile; fileRef = 5633CBE12B6A9426008EE082 /* LogContainer.cpp */; };
		5633CBE82B6A9575008EE082 /* ClientEntry.cpp in Sources */ = {isa = PBXBuildFile; fileRef = 5633CBE62B6A9575008EE082 /* ClientEntry.cpp */; };
		5633CBEB2B6A95CA008EE082 /* ClientCollection.cpp in Sources */ = {isa = PBXBuildFile; fileRef = 5633CBE92B6A95CA008EE082 /* ClientCollection.cpp */; };
		5633CBEE2B6A9981008EE082 /* ErrorEntry.cpp in Sources */ = {isa = PBXBuildFile; fileRef = 5633CBEC2B6A9981008EE082 /* ErrorEntry.cpp */; };
		5633CBF12B6A9A70008EE082 /* ErrorCollection.cpp in Sources */ = {isa = PBXBuildFile; fileRef = 5633CBEF2B6A9A70008EE082 /* ErrorCollection.cpp */; };
/* End PBXBuildFile section */

/* Begin PBXCopyFilesBuildPhase section */
		5633CBC32B6A93B0008EE082 /* CopyFiles */ = {
			isa = PBXCopyFilesBuildPhase;
			buildActionMask = 2147483647;
			dstPath = /usr/share/man/man1/;
			dstSubfolderSpec = 0;
			files = (
			);
			runOnlyForDeploymentPostprocessing = 1;
		};
/* End PBXCopyFilesBuildPhase section */

/* Begin PBXFileReference section */
		56159C522B7F1E7F002B310E /* ServerStatus.cpp */ = {isa = PBXFileReference; lastKnownFileType = sourcecode.cpp.cpp; path = ServerStatus.cpp; sourceTree = "<group>"; };
		56159C532B7F1E7F002B310E /* ServerStatus.hpp */ = {isa = PBXFileReference; lastKnownFileType = sourcecode.cpp.h; path = ServerStatus.hpp; sourceTree = "<group>"; };
		5633CBC52B6A93B0008EE082 /* LogStatus */ = {isa = PBXFileReference; explicitFileType = "compiled.mach-o.executable"; includeInIndex = 0; path = LogStatus; sourceTree = BUILT_PRODUCTS_DIR; };
		5633CBC82B6A93B0008EE082 /* main.cpp */ = {isa = PBXFileReference; lastKnownFileType = sourcecode.cpp.cpp; path = main.cpp; sourceTree = "<group>"; };
		5633CBCF2B6A93D7008EE082 /* .gitignore */ = {isa = PBXFileReference; lastKnownFileType = text; path = .gitignore; sourceTree = "<group>"; };
		5633CBD22B6A9416008EE082 /* mapfile.hpp */ = {isa = PBXFileReference; fileEncoding = 4; lastKnownFileType = sourcecode.cpp.h; path = mapfile.hpp; sourceTree = "<group>"; };
		5633CBD32B6A9416008EE082 /* timeutil.cpp */ = {isa = PBXFileReference; fileEncoding = 4; lastKnownFileType = sourcecode.cpp.cpp; path = timeutil.cpp; sourceTree = "<group>"; };
		5633CBD42B6A9416008EE082 /* buffer.cpp */ = {isa = PBXFileReference; fileEncoding = 4; lastKnownFileType = sourcecode.cpp.cpp; path = buffer.cpp; sourceTree = "<group>"; };
		5633CBD52B6A9416008EE082 /* mapfile.cpp */ = {isa = PBXFileReference; fileEncoding = 4; lastKnownFileType = sourcecode.cpp.cpp; path = mapfile.cpp; sourceTree = "<group>"; };
		5633CBD62B6A9416008EE082 /* timeutil.hpp */ = {isa = PBXFileReference; fileEncoding = 4; lastKnownFileType = sourcecode.cpp.h; path = timeutil.hpp; sourceTree = "<group>"; };
		5633CBD72B6A9416008EE082 /* strutil.hpp */ = {isa = PBXFileReference; fileEncoding = 4; lastKnownFileType = sourcecode.cpp.h; path = strutil.hpp; sourceTree = "<group>"; };
		5633CBD82B6A9416008EE082 /* dbgutil.hpp */ = {isa = PBXFileReference; fileEncoding = 4; lastKnownFileType = sourcecode.cpp.h; path = dbgutil.hpp; sourceTree = "<group>"; };
		5633CBD92B6A9416008EE082 /* buffer.hpp */ = {isa = PBXFileReference; fileEncoding = 4; lastKnownFileType = sourcecode.cpp.h; path = buffer.hpp; sourceTree = "<group>"; };
		5633CBDD2B6A9426008EE082 /* LogEntry.cpp */ = {isa = PBXFileReference; fileEncoding = 4; lastKnownFileType = sourcecode.cpp.cpp; path = LogEntry.cpp; sourceTree = "<group>"; };
		5633CBDE2B6A9426008EE082 /* ConnectionStatus.hpp */ = {isa = PBXFileReference; fileEncoding = 4; lastKnownFileType = sourcecode.cpp.h; path = ConnectionStatus.hpp; sourceTree = "<group>"; };
		5633CBDF2B6A9426008EE082 /* LogEntry.hpp */ = {isa = PBXFileReference; fileEncoding = 4; lastKnownFileType = sourcecode.cpp.h; path = LogEntry.hpp; sourceTree = "<group>"; };
		5633CBE02B6A9426008EE082 /* ConnectionStatus.cpp */ = {isa = PBXFileReference; fileEncoding = 4; lastKnownFileType = sourcecode.cpp.cpp; path = ConnectionStatus.cpp; sourceTree = "<group>"; };
		5633CBE12B6A9426008EE082 /* LogContainer.cpp */ = {isa = PBXFileReference; fileEncoding = 4; lastKnownFileType = sourcecode.cpp.cpp; path = LogContainer.cpp; sourceTree = "<group>"; };
		5633CBE22B6A9426008EE082 /* LogContainer.hpp */ = {isa = PBXFileReference; fileEncoding = 4; lastKnownFileType = sourcecode.cpp.h; path = LogContainer.hpp; sourceTree = "<group>"; };
		5633CBE62B6A9575008EE082 /* ClientEntry.cpp */ = {isa = PBXFileReference; lastKnownFileType = sourcecode.cpp.cpp; path = ClientEntry.cpp; sourceTree = "<group>"; };
		5633CBE72B6A9575008EE082 /* ClientEntry.hpp */ = {isa = PBXFileReference; lastKnownFileType = sourcecode.cpp.h; path = ClientEntry.hpp; sourceTree = "<group>"; };
		5633CBE92B6A95CA008EE082 /* ClientCollection.cpp */ = {isa = PBXFileReference; lastKnownFileType = sourcecode.cpp.cpp; path = ClientCollection.cpp; sourceTree = "<group>"; };
		5633CBEA2B6A95CA008EE082 /* ClientCollection.hpp */ = {isa = PBXFileReference; lastKnownFileType = sourcecode.cpp.h; path = ClientCollection.hpp; sourceTree = "<group>"; };
		5633CBEC2B6A9981008EE082 /* ErrorEntry.cpp */ = {isa = PBXFileReference; lastKnownFileType = sourcecode.cpp.cpp; path = ErrorEntry.cpp; sourceTree = "<group>"; };
		5633CBED2B6A9981008EE082 /* ErrorEntry.hpp */ = {isa = PBXFileReference; lastKnownFileType = sourcecode.cpp.h; path = ErrorEntry.hpp; sourceTree = "<group>"; };
		5633CBEF2B6A9A70008EE082 /* ErrorCollection.cpp */ = {isa = PBXFileReference; lastKnownFileType = sourcecode.cpp.cpp; path = ErrorCollection.cpp; sourceTree = "<group>"; };
		5633CBF02B6A9A70008EE082 /* ErrorCollection.hpp */ = {isa = PBXFileReference; lastKnownFileType = sourcecode.cpp.h; path = ErrorCollection.hpp; sourceTree = "<group>"; };
		5633CBF22B6AB385008EE082 /* CMakeLists.txt */ = {isa = PBXFileReference; lastKnownFileType = text; path = CMakeLists.txt; sourceTree = "<group>"; };
/* End PBXFileReference section */

/* Begin PBXFrameworksBuildPhase section */
		5633CBC22B6A93B0008EE082 /* Frameworks */ = {
			isa = PBXFrameworksBuildPhase;
			buildActionMask = 2147483647;
			files = (
			);
			runOnlyForDeploymentPostprocessing = 0;
		};
/* End PBXFrameworksBuildPhase section */

/* Begin PBXGroup section */
		5633CBBC2B6A93B0008EE082 = {
			isa = PBXGroup;
			children = (
				5633CBD02B6A9416008EE082 /* common */,
				5633CBCF2B6A93D7008EE082 /* .gitignore */,
				5633CBF22B6AB385008EE082 /* CMakeLists.txt */,
				5633CBC72B6A93B0008EE082 /* LogStatus */,
				5633CBC62B6A93B0008EE082 /* Products */,
			);
			sourceTree = "<group>";
		};
		5633CBC62B6A93B0008EE082 /* Products */ = {
			isa = PBXGroup;
			children = (
				5633CBC52B6A93B0008EE082 /* LogStatus */,
			);
			name = Products;
			sourceTree = "<group>";
		};
		5633CBC72B6A93B0008EE082 /* LogStatus */ = {
			isa = PBXGroup;
			children = (
				5633CBE92B6A95CA008EE082 /* ClientCollection.cpp */,
				5633CBEA2B6A95CA008EE082 /* ClientCollection.hpp */,
				5633CBE62B6A9575008EE082 /* ClientEntry.cpp */,
				5633CBE72B6A9575008EE082 /* ClientEntry.hpp */,
				5633CBE02B6A9426008EE082 /* ConnectionStatus.cpp */,
				5633CBDE2B6A9426008EE082 /* ConnectionStatus.hpp */,
				5633CBEF2B6A9A70008EE082 /* ErrorCollection.cpp */,
				5633CBF02B6A9A70008EE082 /* ErrorCollection.hpp */,
				5633CBEC2B6A9981008EE082 /* ErrorEntry.cpp */,
				5633CBED2B6A9981008EE082 /* ErrorEntry.hpp */,
				5633CBE12B6A9426008EE082 /* LogContainer.cpp */,
				5633CBE22B6A9426008EE082 /* LogContainer.hpp */,
				5633CBDD2B6A9426008EE082 /* LogEntry.cpp */,
				5633CBDF2B6A9426008EE082 /* LogEntry.hpp */,
				5633CBC82B6A93B0008EE082 /* main.cpp */,
				56159C522B7F1E7F002B310E /* ServerStatus.cpp */,
				56159C532B7F1E7F002B310E /* ServerStatus.hpp */,
			);
			path = LogStatus;
			sourceTree = "<group>";
		};
		5633CBD02B6A9416008EE082 /* common */ = {
			isa = PBXGroup;
			children = (
				5633CBD12B6A9416008EE082 /* utility */,
			);
			path = common;
			sourceTree = "<group>";
		};
		5633CBD12B6A9416008EE082 /* utility */ = {
			isa = PBXGroup;
			children = (
				5633CBD22B6A9416008EE082 /* mapfile.hpp */,
				5633CBD32B6A9416008EE082 /* timeutil.cpp */,
				5633CBD42B6A9416008EE082 /* buffer.cpp */,
				5633CBD52B6A9416008EE082 /* mapfile.cpp */,
				5633CBD62B6A9416008EE082 /* timeutil.hpp */,
				5633CBD72B6A9416008EE082 /* strutil.hpp */,
				5633CBD82B6A9416008EE082 /* dbgutil.hpp */,
				5633CBD92B6A9416008EE082 /* buffer.hpp */,
			);
			path = utility;
			sourceTree = "<group>";
		};
/* End PBXGroup section */

/* Begin PBXNativeTarget section */
		5633CBC42B6A93B0008EE082 /* LogStatus */ = {
			isa = PBXNativeTarget;
			buildConfigurationList = 5633CBCC2B6A93B0008EE082 /* Build configuration list for PBXNativeTarget "LogStatus" */;
			buildPhases = (
				5633CBC12B6A93B0008EE082 /* Sources */,
				5633CBC22B6A93B0008EE082 /* Frameworks */,
				5633CBC32B6A93B0008EE082 /* CopyFiles */,
			);
			buildRules = (
			);
			dependencies = (
			);
			name = LogStatus;
			productName = LogStatus;
			productReference = 5633CBC52B6A93B0008EE082 /* LogStatus */;
			productType = "com.apple.product-type.tool";
		};
/* End PBXNativeTarget section */

/* Begin PBXProject section */
		5633CBBD2B6A93B0008EE082 /* Project object */ = {
			isa = PBXProject;
			attributes = {
				BuildIndependentTargetsInParallel = 1;
				LastUpgradeCheck = 1530;
				ORGANIZATIONNAME = "Charles Kerr";
				TargetAttributes = {
					5633CBC42B6A93B0008EE082 = {
						CreatedOnToolsVersion = 15.2;
					};
				};
			};
			buildConfigurationList = 5633CBC02B6A93B0008EE082 /* Build configuration list for PBXProject "LogStatus" */;
			compatibilityVersion = "Xcode 14.0";
			developmentRegion = en;
			hasScannedForEncodings = 0;
			knownRegions = (
				en,
				Base,
			);
			mainGroup = 5633CBBC2B6A93B0008EE082;
			productRefGroup = 5633CBC62B6A93B0008EE082 /* Products */;
			projectDirPath = "";
			projectRoot = "";
			targets = (
				5633CBC42B6A93B0008EE082 /* LogStatus */,
			);
		};
/* End PBXProject section */

/* Begin PBXSourcesBuildPhase section */
		5633CBC12B6A93B0008EE082 /* Sources */ = {
			isa = PBXSourcesBuildPhase;
			buildActionMask = 2147483647;
			files = (
				56159C542B7F1E7F002B310E /* ServerStatus.cpp in Sources */,
				5633CBDB2B6A9416008EE082 /* buffer.cpp in Sources */,
				5633CBEE2B6A9981008EE082 /* ErrorEntry.cpp in Sources */,
				5633CBF12B6A9A70008EE082 /* ErrorCollection.cpp in Sources */,
				5633CBE82B6A9575008EE082 /* ClientEntry.cpp in Sources */,
				5633CBE42B6A9426008EE082 /* ConnectionStatus.cpp in Sources */,
				5633CBDA2B6A9416008EE082 /* timeutil.cpp in Sources */,
				5633CBDC2B6A9416008EE082 /* mapfile.cpp in Sources */,
				5633CBE52B6A9426008EE082 /* LogContainer.cpp in Sources */,
				5633CBE32B6A9426008EE082 /* LogEntry.cpp in Sources */,
				5633CBC92B6A93B0008EE082 /* main.cpp in Sources */,
				5633CBEB2B6A95CA008EE082 /* ClientCollection.cpp in Sources */,
			);
			runOnlyForDeploymentPostprocessing = 0;
		};
/* End PBXSourcesBuildPhase section */

/* Begin XCBuildConfiguration section */
		5633CBCA2B6A93B0008EE082 /* Debug */ = {
			isa = XCBuildConfiguration;
			buildSettings = {
				ALWAYS_SEARCH_USER_PATHS = NO;
				ASSETCATALOG_COMPILER_GENERATE_SWIFT_ASSET_SYMBOL_EXTENSIONS = YES;
				CLANG_ANALYZER_NONNULL = YES;
				CLANG_ANALYZER_NUMBER_OBJECT_CONVERSION = YES_AGGRESSIVE;
				CLANG_CXX_LANGUAGE_STANDARD = "gnu++20";
				CLANG_ENABLE_MODULES = YES;
				CLANG_ENABLE_OBJC_ARC = YES;
				CLANG_ENABLE_OBJC_WEAK = YES;
				CLANG_WARN_BLOCK_CAPTURE_AUTORELEASING = YES;
				CLANG_WARN_BOOL_CONVERSION = YES;
				CLANG_WARN_COMMA = YES;
				CLANG_WARN_CONSTANT_CONVERSION = YES;
				CLANG_WARN_DEPRECATED_OBJC_IMPLEMENTATIONS = YES;
				CLANG_WARN_DIRECT_OBJC_ISA_USAGE = YES_ERROR;
				CLANG_WARN_DOCUMENTATION_COMMENTS = YES;
				CLANG_WARN_EMPTY_BODY = YES;
				CLANG_WARN_ENUM_CONVERSION = YES;
				CLANG_WARN_INFINITE_RECURSION = YES;
				CLANG_WARN_INT_CONVERSION = YES;
				CLANG_WARN_NON_LITERAL_NULL_CONVERSION = YES;
				CLANG_WARN_OBJC_IMPLICIT_RETAIN_SELF = YES;
				CLANG_WARN_OBJC_LITERAL_CONVERSION = YES;
				CLANG_WARN_OBJC_ROOT_CLASS = YES_ERROR;
				CLANG_WARN_QUOTED_INCLUDE_IN_FRAMEWORK_HEADER = YES;
				CLANG_WARN_RANGE_LOOP_ANALYSIS = YES;
				CLANG_WARN_STRICT_PROTOTYPES = YES;
				CLANG_WARN_SUSPICIOUS_MOVE = YES;
				CLANG_WARN_UNGUARDED_AVAILABILITY = YES_AGGRESSIVE;
				CLANG_WARN_UNREACHABLE_CODE = YES;
				CLANG_WARN__DUPLICATE_METHOD_MATCH = YES;
				COPY_PHASE_STRIP = NO;
				DEAD_CODE_STRIPPING = YES;
				DEBUG_INFORMATION_FORMAT = dwarf;
				ENABLE_STRICT_OBJC_MSGSEND = YES;
				ENABLE_TESTABILITY = YES;
				ENABLE_USER_SCRIPT_SANDBOXING = YES;
				GCC_C_LANGUAGE_STANDARD = gnu17;
				GCC_DYNAMIC_NO_PIC = NO;
				GCC_NO_COMMON_BLOCKS = YES;
				GCC_OPTIMIZATION_LEVEL = 0;
				GCC_PREPROCESSOR_DEFINITIONS = (
					"DEBUG=1",
					"$(inherited)",
				);
				GCC_WARN_64_TO_32_BIT_CONVERSION = YES;
				GCC_WARN_ABOUT_RETURN_TYPE = YES_ERROR;
				GCC_WARN_UNDECLARED_SELECTOR = YES;
				GCC_WARN_UNINITIALIZED_AUTOS = YES_AGGRESSIVE;
				GCC_WARN_UNUSED_FUNCTION = YES;
				GCC_WARN_UNUSED_VARIABLE = YES;
				LOCALIZATION_PREFERS_STRING_CATALOGS = YES;
				MACOSX_DEPLOYMENT_TARGET = 14.2;
				MTL_ENABLE_DEBUG_INFO = INCLUDE_SOURCE;
				MTL_FAST_MATH = YES;
				ONLY_ACTIVE_ARCH = YES;
				SDKROOT = macosx;
				USER_HEADER_SEARCH_PATHS = (
					$PROJECT_DIR,
					$PROJECT_DIR/LogStatus,
					$PROJECT_DIR/common,
				);
				USE_HEADERMAP = NO;
			};
			name = Debug;
		};
		5633CBCB2B6A93B0008EE082 /* Release */ = {
			isa = XCBuildConfiguration;
			buildSettings = {
				ALWAYS_SEARCH_USER_PATHS = NO;
				ASSETCATALOG_COMPILER_GENERATE_SWIFT_ASSET_SYMBOL_EXTENSIONS = YES;
				CLANG_ANALYZER_NONNULL = YES;
				CLANG_ANALYZER_NUMBER_OBJECT_CONVERSION = YES_AGGRESSIVE;
				CLANG_CXX_LANGUAGE_STANDARD = "gnu++20";
				CLANG_ENABLE_MODULES = YES;
				CLANG_ENABLE_OBJC_ARC = YES;
				CLANG_ENABLE_OBJC_WEAK = YES;
				CLANG_WARN_BLOCK_CAPTURE_AUTORELEASING = YES;
				CLANG_WARN_BOOL_CONVERSION = YES;
				CLANG_WARN_COMMA = YES;
				CLANG_WARN_CONSTANT_CONVERSION = YES;
				CLANG_WARN_DEPRECATED_OBJC_IMPLEMENTATIONS = YES;
				CLANG_WARN_DIRECT_OBJC_ISA_USAGE = YES_ERROR;
				CLANG_WARN_DOCUMENTATION_COMMENTS = YES;
				CLANG_WARN_EMPTY_BODY = YES;
				CLANG_WARN_ENUM_CONVERSION = YES;
				CLANG_WARN_INFINITE_RECURSION = YES;
				CLANG_WARN_INT_CONVERSION = YES;
				CLANG_WARN_NON_LITERAL_NULL_CONVERSION = YES;
				CLANG_WARN_OBJC_IMPLICIT_RETAIN_SELF = YES;
				CLANG_WARN_OBJC_LITERAL_CONVERSION = YES;
				CLANG_WARN_OBJC_ROOT_CLASS = YES_ERROR;
				CLANG_WARN_QUOTED_INCLUDE_IN_FRAMEWORK_HEADER = YES;
				CLANG_WARN_RANGE_LOOP_ANALYSIS = YES;
				CLANG_WARN_STRICT_PROTOTYPES = YES;
				CLANG_WARN_SUSPICIOUS_MOVE = YES;
				CLANG_WARN_UNGUARDED_AVAILABILITY = YES_AGGRESSIVE;
				CLANG_WARN_UNREACHABLE_CODE = YES;
				CLANG_WARN__DUPLICATE_METHOD_MATCH = YES;
				COPY_PHASE_STRIP = NO;
				DEAD_CODE_STRIPPING = YES;
				DEBUG_INFORMATION_FORMAT = "dwarf-with-dsym";
				ENABLE_NS_ASSERTIONS = NO;
				ENABLE_STRICT_OBJC_MSGSEND = YES;
				ENABLE_USER_SCRIPT_SANDBOXING = YES;
				GCC_C_LANGUAGE_STANDARD = gnu17;
				GCC_NO_COMMON_BLOCKS = YES;
				GCC_WARN_64_TO_32_BIT_CONVERSION = YES;
				GCC_WARN_ABOUT_RETURN_TYPE = YES_ERROR;
				GCC_WARN_UNDECLARED_SELECTOR = YES;
				GCC_WARN_UNINITIALIZED_AUTOS = YES_AGGRESSIVE;
				GCC_WARN_UNUSED_FUNCTION = YES;
				GCC_WARN_UNUSED_VARIABLE = YES;
				LOCALIZATION_PREFERS_STRING_CATALOGS = YES;
				MACOSX_DEPLOYMENT_TARGET = 14.2;
				MTL_ENABLE_DEBUG_INFO = NO;
				MTL_FAST_MATH = YES;
				SDKROOT = macosx;
				USER_HEADER_SEARCH_PATHS = (
					$PROJECT_DIR,
					$PROJECT_DIR/LogStatus,
					$PROJECT_DIR/common,
				);
				USE_HEADERMAP = NO;
			};
			name = Release;
		};
		5633CBCD2B6A93B0008EE082 /* Debug */ = {
			isa = XCBuildConfiguration;
			buildSettings = {
				CODE_SIGN_STYLE = Automatic;
				DEAD_CODE_STRIPPING = YES;
				DEVELOPMENT_TEAM = CF264WE69M;
				ENABLE_HARDENED_RUNTIME = YES;
				PRODUCT_NAME = "$(TARGET_NAME)";
			};
			name = Debug;
		};
		5633CBCE2B6A93B0008EE082 /* Release */ = {
			isa = XCBuildConfiguration;
			buildSettings = {
				CODE_SIGN_STYLE = Automatic;
				DEAD_CODE_STRIPPING = YES;
				DEVELOPMENT_TEAM = CF264WE69M;
				ENABLE_HARDENED_RUNTIME = YES;
				PRODUCT_NAME = "$(TARGET_NAME)";
			};
			name = Release;
		};
/* End XCBuildConfiguration section */

/* Begin XCConfigurationList section */
		5633CBC02B6A93B0008EE082 /* Build configuration list for PBXProject "LogStatus" */ = {
			isa = XCConfigurationList;
			buildConfigurations = (
				5633CBCA2B6A93B0008EE082 /* Debug */,
				5633CBCB2B6A93B0008EE082 /* Release */,
			);
			defaultConfigurationIsVisible = 0;
			defaultConfigurationName = Release;
		};
		5633CBCC2B6A93B0008EE082 /* Build configuration list for PBXNativeTarget "LogStatus" */ = {
			isa = XCConfigurationList;
			buildConfigurations = (
				5633CBCD2B6A93B0008EE082 /* Debug */,
				5633CBCE2B6A93B0008EE082 /* Release */,
			);
			defaultConfigurationIsVisible = 0;
			defaultConfigurationName = Release;
		};
/* End XCConfigurationList section */
	};
	rootObject = 5633CBBD2B6A93B0008EE082 /* Project object */;
}
